// !$*UTF8*$!
{
	archiveVersion = 1;
	classes = {
	};
	objectVersion = 46;
	objects = {

/* Begin PBXBuildFile section */
		3DBB4D4D6B6ED89C0D3EE119 /* Pods_todo_listTests.framework in Frameworks */ = {isa = PBXBuildFile; fileRef = F3CE7D7B7DDB3FC4F49B113D /* Pods_todo_listTests.framework */; };
		4DC730E31E80E79A00D01B7C /* AppDelegate.swift in Sources */ = {isa = PBXBuildFile; fileRef = 4DC730E21E80E79A00D01B7C /* AppDelegate.swift */; };
		4DC730E81E80E79A00D01B7C /* Main.storyboard in Resources */ = {isa = PBXBuildFile; fileRef = 4DC730E61E80E79A00D01B7C /* Main.storyboard */; };
		4DC730EA1E80E79A00D01B7C /* Assets.xcassets in Resources */ = {isa = PBXBuildFile; fileRef = 4DC730E91E80E79A00D01B7C /* Assets.xcassets */; };
		4DC730ED1E80E79A00D01B7C /* LaunchScreen.storyboard in Resources */ = {isa = PBXBuildFile; fileRef = 4DC730EB1E80E79A00D01B7C /* LaunchScreen.storyboard */; };
		4DC730F81E80E79B00D01B7C /* todo_listTests.swift in Sources */ = {isa = PBXBuildFile; fileRef = 4DC730F71E80E79B00D01B7C /* todo_listTests.swift */; };
		4DC731031E80E79B00D01B7C /* todo_listUITests.swift in Sources */ = {isa = PBXBuildFile; fileRef = 4DC731021E80E79B00D01B7C /* todo_listUITests.swift */; };
		4DC731141E80ED7200D01B7C /* ListTableViewController.swift in Sources */ = {isa = PBXBuildFile; fileRef = 4DC731131E80ED7200D01B7C /* ListTableViewController.swift */; };
		4DC731161E80EDB900D01B7C /* AddViewController.swift in Sources */ = {isa = PBXBuildFile; fileRef = 4DC731151E80EDB900D01B7C /* AddViewController.swift */; };
		8A0B795B39113B4B410F9107 /* Pods_todo_listUITests.framework in Frameworks */ = {isa = PBXBuildFile; fileRef = D4FDF7997D147CD55847EFB4 /* Pods_todo_listUITests.framework */; };
		FBA28318B01F5DCA410847EB /* Pods_todo_list.framework in Frameworks */ = {isa = PBXBuildFile; fileRef = 9D0110B8B83DC20DE2201F67 /* Pods_todo_list.framework */; };
/* End PBXBuildFile section */

/* Begin PBXContainerItemProxy section */
		4DC730F41E80E79B00D01B7C /* PBXContainerItemProxy */ = {
			isa = PBXContainerItemProxy;
			containerPortal = 4DC730D71E80E79A00D01B7C /* Project object */;
			proxyType = 1;
			remoteGlobalIDString = 4DC730DE1E80E79A00D01B7C;
			remoteInfo = "todo-list";
		};
		4DC730FF1E80E79B00D01B7C /* PBXContainerItemProxy */ = {
			isa = PBXContainerItemProxy;
			containerPortal = 4DC730D71E80E79A00D01B7C /* Project object */;
			proxyType = 1;
			remoteGlobalIDString = 4DC730DE1E80E79A00D01B7C;
			remoteInfo = "todo-list";
		};
/* End PBXContainerItemProxy section */

/* Begin PBXFileReference section */
		4311EFB2A669DAAA2898A458 /* Pods-todo-listTests.debug.xcconfig */ = {isa = PBXFileReference; includeInIndex = 1; lastKnownFileType = text.xcconfig; name = "Pods-todo-listTests.debug.xcconfig"; path = "Pods/Target Support Files/Pods-todo-listTests/Pods-todo-listTests.debug.xcconfig"; sourceTree = "<group>"; };
		4DC730DF1E80E79A00D01B7C /* todo-list.app */ = {isa = PBXFileReference; explicitFileType = wrapper.application; includeInIndex = 0; path = "todo-list.app"; sourceTree = BUILT_PRODUCTS_DIR; };
		4DC730E21E80E79A00D01B7C /* AppDelegate.swift */ = {isa = PBXFileReference; lastKnownFileType = sourcecode.swift; path = AppDelegate.swift; sourceTree = "<group>"; };
		4DC730E71E80E79A00D01B7C /* Base */ = {isa = PBXFileReference; lastKnownFileType = file.storyboard; name = Base; path = Base.lproj/Main.storyboard; sourceTree = "<group>"; };
		4DC730E91E80E79A00D01B7C /* Assets.xcassets */ = {isa = PBXFileReference; lastKnownFileType = folder.assetcatalog; path = Assets.xcassets; sourceTree = "<group>"; };
		4DC730EC1E80E79A00D01B7C /* Base */ = {isa = PBXFileReference; lastKnownFileType = file.storyboard; name = Base; path = Base.lproj/LaunchScreen.storyboard; sourceTree = "<group>"; };
		4DC730EE1E80E79A00D01B7C /* Info.plist */ = {isa = PBXFileReference; lastKnownFileType = text.plist.xml; path = Info.plist; sourceTree = "<group>"; };
		4DC730F31E80E79B00D01B7C /* todo-listTests.xctest */ = {isa = PBXFileReference; explicitFileType = wrapper.cfbundle; includeInIndex = 0; path = "todo-listTests.xctest"; sourceTree = BUILT_PRODUCTS_DIR; };
		4DC730F71E80E79B00D01B7C /* todo_listTests.swift */ = {isa = PBXFileReference; lastKnownFileType = sourcecode.swift; path = todo_listTests.swift; sourceTree = "<group>"; };
		4DC730F91E80E79B00D01B7C /* Info.plist */ = {isa = PBXFileReference; lastKnownFileType = text.plist.xml; path = Info.plist; sourceTree = "<group>"; };
		4DC730FE1E80E79B00D01B7C /* todo-listUITests.xctest */ = {isa = PBXFileReference; explicitFileType = wrapper.cfbundle; includeInIndex = 0; path = "todo-listUITests.xctest"; sourceTree = BUILT_PRODUCTS_DIR; };
		4DC731021E80E79B00D01B7C /* todo_listUITests.swift */ = {isa = PBXFileReference; lastKnownFileType = sourcecode.swift; path = todo_listUITests.swift; sourceTree = "<group>"; };
		4DC731041E80E79B00D01B7C /* Info.plist */ = {isa = PBXFileReference; lastKnownFileType = text.plist.xml; path = Info.plist; sourceTree = "<group>"; };
		4DC731131E80ED7200D01B7C /* ListTableViewController.swift */ = {isa = PBXFileReference; fileEncoding = 4; lastKnownFileType = sourcecode.swift; path = ListTableViewController.swift; sourceTree = "<group>"; };
		4DC731151E80EDB900D01B7C /* AddViewController.swift */ = {isa = PBXFileReference; fileEncoding = 4; lastKnownFileType = sourcecode.swift; path = AddViewController.swift; sourceTree = "<group>"; };
		66F3FAFD849A6434D31B0912 /* Pods-todo-list.release.xcconfig */ = {isa = PBXFileReference; includeInIndex = 1; lastKnownFileType = text.xcconfig; name = "Pods-todo-list.release.xcconfig"; path = "Pods/Target Support Files/Pods-todo-list/Pods-todo-list.release.xcconfig"; sourceTree = "<group>"; };
		7DA57E3733AF91DE73F473BF /* Pods-todo-listUITests.debug.xcconfig */ = {isa = PBXFileReference; includeInIndex = 1; lastKnownFileType = text.xcconfig; name = "Pods-todo-listUITests.debug.xcconfig"; path = "Pods/Target Support Files/Pods-todo-listUITests/Pods-todo-listUITests.debug.xcconfig"; sourceTree = "<group>"; };
		8EA35E550BC7C44371572827 /* Pods-todo-listTests.release.xcconfig */ = {isa = PBXFileReference; includeInIndex = 1; lastKnownFileType = text.xcconfig; name = "Pods-todo-listTests.release.xcconfig"; path = "Pods/Target Support Files/Pods-todo-listTests/Pods-todo-listTests.release.xcconfig"; sourceTree = "<group>"; };
		9D0110B8B83DC20DE2201F67 /* Pods_todo_list.framework */ = {isa = PBXFileReference; explicitFileType = wrapper.framework; includeInIndex = 0; path = Pods_todo_list.framework; sourceTree = BUILT_PRODUCTS_DIR; };
		B33C94E23366176E559D03EA /* Pods-todo-listUITests.release.xcconfig */ = {isa = PBXFileReference; includeInIndex = 1; lastKnownFileType = text.xcconfig; name = "Pods-todo-listUITests.release.xcconfig"; path = "Pods/Target Support Files/Pods-todo-listUITests/Pods-todo-listUITests.release.xcconfig"; sourceTree = "<group>"; };
		CCA33DC096C6DA7249A1A245 /* Pods-todo-list.debug.xcconfig */ = {isa = PBXFileReference; includeInIndex = 1; lastKnownFileType = text.xcconfig; name = "Pods-todo-list.debug.xcconfig"; path = "Pods/Target Support Files/Pods-todo-list/Pods-todo-list.debug.xcconfig"; sourceTree = "<group>"; };
		D4FDF7997D147CD55847EFB4 /* Pods_todo_listUITests.framework */ = {isa = PBXFileReference; explicitFileType = wrapper.framework; includeInIndex = 0; path = Pods_todo_listUITests.framework; sourceTree = BUILT_PRODUCTS_DIR; };
		F3CE7D7B7DDB3FC4F49B113D /* Pods_todo_listTests.framework */ = {isa = PBXFileReference; explicitFileType = wrapper.framework; includeInIndex = 0; path = Pods_todo_listTests.framework; sourceTree = BUILT_PRODUCTS_DIR; };
/* End PBXFileReference section */

/* Begin PBXFrameworksBuildPhase section */
		4DC730DC1E80E79A00D01B7C /* Frameworks */ = {
			isa = PBXFrameworksBuildPhase;
			buildActionMask = 2147483647;
			files = (
				FBA28318B01F5DCA410847EB /* Pods_todo_list.framework in Frameworks */,
			);
			runOnlyForDeploymentPostprocessing = 0;
		};
		4DC730F01E80E79B00D01B7C /* Frameworks */ = {
			isa = PBXFrameworksBuildPhase;
			buildActionMask = 2147483647;
			files = (
				3DBB4D4D6B6ED89C0D3EE119 /* Pods_todo_listTests.framework in Frameworks */,
			);
			runOnlyForDeploymentPostprocessing = 0;
		};
		4DC730FB1E80E79B00D01B7C /* Frameworks */ = {
			isa = PBXFrameworksBuildPhase;
			buildActionMask = 2147483647;
			files = (
				8A0B795B39113B4B410F9107 /* Pods_todo_listUITests.framework in Frameworks */,
			);
			runOnlyForDeploymentPostprocessing = 0;
		};
/* End PBXFrameworksBuildPhase section */

/* Begin PBXGroup section */
		35CEC1B55C2871C3B7A2D7D0 /* Pods */ = {
			isa = PBXGroup;
			children = (
				CCA33DC096C6DA7249A1A245 /* Pods-todo-list.debug.xcconfig */,
				66F3FAFD849A6434D31B0912 /* Pods-todo-list.release.xcconfig */,
				4311EFB2A669DAAA2898A458 /* Pods-todo-listTests.debug.xcconfig */,
				8EA35E550BC7C44371572827 /* Pods-todo-listTests.release.xcconfig */,
				7DA57E3733AF91DE73F473BF /* Pods-todo-listUITests.debug.xcconfig */,
				B33C94E23366176E559D03EA /* Pods-todo-listUITests.release.xcconfig */,
			);
			name = Pods;
			sourceTree = "<group>";
		};
		49278D43A5655D416A263095 /* Frameworks */ = {
			isa = PBXGroup;
			children = (
				9D0110B8B83DC20DE2201F67 /* Pods_todo_list.framework */,
				F3CE7D7B7DDB3FC4F49B113D /* Pods_todo_listTests.framework */,
				D4FDF7997D147CD55847EFB4 /* Pods_todo_listUITests.framework */,
			);
			name = Frameworks;
			sourceTree = "<group>";
		};
		4DC730D61E80E79A00D01B7C = {
			isa = PBXGroup;
			children = (
				4DC730E11E80E79A00D01B7C /* todo-list */,
				4DC730F61E80E79B00D01B7C /* todo-listTests */,
				4DC731011E80E79B00D01B7C /* todo-listUITests */,
				4DC730E01E80E79A00D01B7C /* Products */,
				35CEC1B55C2871C3B7A2D7D0 /* Pods */,
				49278D43A5655D416A263095 /* Frameworks */,
			);
			sourceTree = "<group>";
		};
		4DC730E01E80E79A00D01B7C /* Products */ = {
			isa = PBXGroup;
			children = (
				4DC730DF1E80E79A00D01B7C /* todo-list.app */,
				4DC730F31E80E79B00D01B7C /* todo-listTests.xctest */,
				4DC730FE1E80E79B00D01B7C /* todo-listUITests.xctest */,
			);
			name = Products;
			sourceTree = "<group>";
		};
		4DC730E11E80E79A00D01B7C /* todo-list */ = {
			isa = PBXGroup;
			children = (
				4DC731101E80ED4500D01B7C /* Modules */,
				4DC730E21E80E79A00D01B7C /* AppDelegate.swift */,
				4DC730E61E80E79A00D01B7C /* Main.storyboard */,
				4DC730EB1E80E79A00D01B7C /* LaunchScreen.storyboard */,
				4DC730E91E80E79A00D01B7C /* Assets.xcassets */,
				4DC730EE1E80E79A00D01B7C /* Info.plist */,
			);
			path = "todo-list";
			sourceTree = "<group>";
		};
		4DC730F61E80E79B00D01B7C /* todo-listTests */ = {
			isa = PBXGroup;
			children = (
				4DC730F71E80E79B00D01B7C /* todo_listTests.swift */,
				4DC730F91E80E79B00D01B7C /* Info.plist */,
			);
			path = "todo-listTests";
			sourceTree = "<group>";
		};
		4DC731011E80E79B00D01B7C /* todo-listUITests */ = {
			isa = PBXGroup;
			children = (
				4DC731021E80E79B00D01B7C /* todo_listUITests.swift */,
				4DC731041E80E79B00D01B7C /* Info.plist */,
			);
			path = "todo-listUITests";
			sourceTree = "<group>";
		};
		4DC731101E80ED4500D01B7C /* Modules */ = {
			isa = PBXGroup;
			children = (
				4DC731121E80ED5800D01B7C /* Add */,
				4DC731111E80ED5000D01B7C /* List */,
			);
			name = Modules;
			sourceTree = "<group>";
		};
		4DC731111E80ED5000D01B7C /* List */ = {
			isa = PBXGroup;
			children = (
				4DC731131E80ED7200D01B7C /* ListTableViewController.swift */,
			);
			name = List;
			sourceTree = "<group>";
		};
		4DC731121E80ED5800D01B7C /* Add */ = {
			isa = PBXGroup;
			children = (
				4DC731151E80EDB900D01B7C /* AddViewController.swift */,
			);
			name = Add;
			sourceTree = "<group>";
		};
/* End PBXGroup section */

/* Begin PBXNativeTarget section */
		4DC730DE1E80E79A00D01B7C /* todo-list */ = {
			isa = PBXNativeTarget;
			buildConfigurationList = 4DC731071E80E79B00D01B7C /* Build configuration list for PBXNativeTarget "todo-list" */;
			buildPhases = (
				DC990B7460131DCFB9FADD32 /* [CP] Check Pods Manifest.lock */,
				4DC730DB1E80E79A00D01B7C /* Sources */,
				4DC730DC1E80E79A00D01B7C /* Frameworks */,
				4DC730DD1E80E79A00D01B7C /* Resources */,
				F451299C0803D000B504CC94 /* [CP] Embed Pods Frameworks */,
				9497E2D75D2F453F0FC4DB0C /* [CP] Copy Pods Resources */,
			);
			buildRules = (
			);
			dependencies = (
			);
			name = "todo-list";
			productName = "todo-list";
			productReference = 4DC730DF1E80E79A00D01B7C /* todo-list.app */;
			productType = "com.apple.product-type.application";
		};
		4DC730F21E80E79B00D01B7C /* todo-listTests */ = {
			isa = PBXNativeTarget;
			buildConfigurationList = 4DC7310A1E80E79B00D01B7C /* Build configuration list for PBXNativeTarget "todo-listTests" */;
			buildPhases = (
				658B3E9175523A650552A6D3 /* [CP] Check Pods Manifest.lock */,
				4DC730EF1E80E79B00D01B7C /* Sources */,
				4DC730F01E80E79B00D01B7C /* Frameworks */,
				4DC730F11E80E79B00D01B7C /* Resources */,
				33565EE8F54A3563949926C8 /* [CP] Embed Pods Frameworks */,
				01A398DABA91781B52385B42 /* [CP] Copy Pods Resources */,
			);
			buildRules = (
			);
			dependencies = (
				4DC730F51E80E79B00D01B7C /* PBXTargetDependency */,
			);
			name = "todo-listTests";
			productName = "todo-listTests";
			productReference = 4DC730F31E80E79B00D01B7C /* todo-listTests.xctest */;
			productType = "com.apple.product-type.bundle.unit-test";
		};
		4DC730FD1E80E79B00D01B7C /* todo-listUITests */ = {
			isa = PBXNativeTarget;
			buildConfigurationList = 4DC7310D1E80E79B00D01B7C /* Build configuration list for PBXNativeTarget "todo-listUITests" */;
			buildPhases = (
				2FC12A05470AAA0413A074EE /* [CP] Check Pods Manifest.lock */,
				4DC730FA1E80E79B00D01B7C /* Sources */,
				4DC730FB1E80E79B00D01B7C /* Frameworks */,
				4DC730FC1E80E79B00D01B7C /* Resources */,
				D71FB727737641830DD51A37 /* [CP] Embed Pods Frameworks */,
				EF63E68F37FB831D892DF7CB /* [CP] Copy Pods Resources */,
			);
			buildRules = (
			);
			dependencies = (
				4DC731001E80E79B00D01B7C /* PBXTargetDependency */,
			);
			name = "todo-listUITests";
			productName = "todo-listUITests";
			productReference = 4DC730FE1E80E79B00D01B7C /* todo-listUITests.xctest */;
			productType = "com.apple.product-type.bundle.ui-testing";
		};
/* End PBXNativeTarget section */

/* Begin PBXProject section */
		4DC730D71E80E79A00D01B7C /* Project object */ = {
			isa = PBXProject;
			attributes = {
				LastSwiftUpdateCheck = 0820;
				LastUpgradeCheck = 0820;
				ORGANIZATIONNAME = "Johnson & Johnson";
				TargetAttributes = {
					4DC730DE1E80E79A00D01B7C = {
						CreatedOnToolsVersion = 8.2.1;
						DevelopmentTeam = WVK47D2626;
						ProvisioningStyle = Automatic;
					};
					4DC730F21E80E79B00D01B7C = {
						CreatedOnToolsVersion = 8.2.1;
						DevelopmentTeam = WVK47D2626;
						ProvisioningStyle = Automatic;
						TestTargetID = 4DC730DE1E80E79A00D01B7C;
					};
					4DC730FD1E80E79B00D01B7C = {
						CreatedOnToolsVersion = 8.2.1;
						DevelopmentTeam = WVK47D2626;
						ProvisioningStyle = Automatic;
						TestTargetID = 4DC730DE1E80E79A00D01B7C;
					};
				};
			};
			buildConfigurationList = 4DC730DA1E80E79A00D01B7C /* Build configuration list for PBXProject "todo-list" */;
			compatibilityVersion = "Xcode 3.2";
			developmentRegion = English;
			hasScannedForEncodings = 0;
			knownRegions = (
				en,
				Base,
			);
			mainGroup = 4DC730D61E80E79A00D01B7C;
			productRefGroup = 4DC730E01E80E79A00D01B7C /* Products */;
			projectDirPath = "";
			projectRoot = "";
			targets = (
				4DC730DE1E80E79A00D01B7C /* todo-list */,
				4DC730F21E80E79B00D01B7C /* todo-listTests */,
				4DC730FD1E80E79B00D01B7C /* todo-listUITests */,
			);
		};
/* End PBXProject section */

/* Begin PBXResourcesBuildPhase section */
		4DC730DD1E80E79A00D01B7C /* Resources */ = {
			isa = PBXResourcesBuildPhase;
			buildActionMask = 2147483647;
			files = (
				4DC730ED1E80E79A00D01B7C /* LaunchScreen.storyboard in Resources */,
				4DC730EA1E80E79A00D01B7C /* Assets.xcassets in Resources */,
				4DC730E81E80E79A00D01B7C /* Main.storyboard in Resources */,
			);
			runOnlyForDeploymentPostprocessing = 0;
		};
		4DC730F11E80E79B00D01B7C /* Resources */ = {
			isa = PBXResourcesBuildPhase;
			buildActionMask = 2147483647;
			files = (
			);
			runOnlyForDeploymentPostprocessing = 0;
		};
		4DC730FC1E80E79B00D01B7C /* Resources */ = {
			isa = PBXResourcesBuildPhase;
			buildActionMask = 2147483647;
			files = (
			);
			runOnlyForDeploymentPostprocessing = 0;
		};
/* End PBXResourcesBuildPhase section */

/* Begin PBXShellScriptBuildPhase section */
		01A398DABA91781B52385B42 /* [CP] Copy Pods Resources */ = {
			isa = PBXShellScriptBuildPhase;
			buildActionMask = 2147483647;
			files = (
			);
			inputPaths = (
			);
			name = "[CP] Copy Pods Resources";
			outputPaths = (
			);
			runOnlyForDeploymentPostprocessing = 0;
			shellPath = /bin/sh;
			shellScript = "\"${SRCROOT}/Pods/Target Support Files/Pods-todo-listTests/Pods-todo-listTests-resources.sh\"\n";
			showEnvVarsInLog = 0;
		};
		2FC12A05470AAA0413A074EE /* [CP] Check Pods Manifest.lock */ = {
			isa = PBXShellScriptBuildPhase;
			buildActionMask = 2147483647;
			files = (
			);
			inputPaths = (
			);
			name = "[CP] Check Pods Manifest.lock";
			outputPaths = (
			);
			runOnlyForDeploymentPostprocessing = 0;
			shellPath = /bin/sh;
			shellScript = "diff \"${PODS_ROOT}/../Podfile.lock\" \"${PODS_ROOT}/Manifest.lock\" > /dev/null\nif [ $? != 0 ] ; then\n    # print error to STDERR\n    echo \"error: The sandbox is not in sync with the Podfile.lock. Run 'pod install' or update your CocoaPods installation.\" >&2\n    exit 1\nfi\n";
			showEnvVarsInLog = 0;
		};
		33565EE8F54A3563949926C8 /* [CP] Embed Pods Frameworks */ = {
			isa = PBXShellScriptBuildPhase;
			buildActionMask = 2147483647;
			files = (
			);
			inputPaths = (
			);
			name = "[CP] Embed Pods Frameworks";
			outputPaths = (
			);
			runOnlyForDeploymentPostprocessing = 0;
			shellPath = /bin/sh;
			shellScript = "\"${SRCROOT}/Pods/Target Support Files/Pods-todo-listTests/Pods-todo-listTests-frameworks.sh\"\n";
			showEnvVarsInLog = 0;
		};
		658B3E9175523A650552A6D3 /* [CP] Check Pods Manifest.lock */ = {
			isa = PBXShellScriptBuildPhase;
			buildActionMask = 2147483647;
			files = (
			);
			inputPaths = (
			);
			name = "[CP] Check Pods Manifest.lock";
			outputPaths = (
			);
			runOnlyForDeploymentPostprocessing = 0;
			shellPath = /bin/sh;
			shellScript = "diff \"${PODS_ROOT}/../Podfile.lock\" \"${PODS_ROOT}/Manifest.lock\" > /dev/null\nif [ $? != 0 ] ; then\n    # print error to STDERR\n    echo \"error: The sandbox is not in sync with the Podfile.lock. Run 'pod install' or update your CocoaPods installation.\" >&2\n    exit 1\nfi\n";
			showEnvVarsInLog = 0;
		};
		9497E2D75D2F453F0FC4DB0C /* [CP] Copy Pods Resources */ = {
			isa = PBXShellScriptBuildPhase;
			buildActionMask = 2147483647;
			files = (
			);
			inputPaths = (
			);
			name = "[CP] Copy Pods Resources";
			outputPaths = (
			);
			runOnlyForDeploymentPostprocessing = 0;
			shellPath = /bin/sh;
			shellScript = "\"${SRCROOT}/Pods/Target Support Files/Pods-todo-list/Pods-todo-list-resources.sh\"\n";
			showEnvVarsInLog = 0;
		};
		D71FB727737641830DD51A37 /* [CP] Embed Pods Frameworks */ = {
			isa = PBXShellScriptBuildPhase;
			buildActionMask = 2147483647;
			files = (
			);
			inputPaths = (
			);
			name = "[CP] Embed Pods Frameworks";
			outputPaths = (
			);
			runOnlyForDeploymentPostprocessing = 0;
			shellPath = /bin/sh;
			shellScript = "\"${SRCROOT}/Pods/Target Support Files/Pods-todo-listUITests/Pods-todo-listUITests-frameworks.sh\"\n";
			showEnvVarsInLog = 0;
		};
		DC990B7460131DCFB9FADD32 /* [CP] Check Pods Manifest.lock */ = {
			isa = PBXShellScriptBuildPhase;
			buildActionMask = 2147483647;
			files = (
			);
			inputPaths = (
			);
			name = "[CP] Check Pods Manifest.lock";
			outputPaths = (
			);
			runOnlyForDeploymentPostprocessing = 0;
			shellPath = /bin/sh;
			shellScript = "diff \"${PODS_ROOT}/../Podfile.lock\" \"${PODS_ROOT}/Manifest.lock\" > /dev/null\nif [ $? != 0 ] ; then\n    # print error to STDERR\n    echo \"error: The sandbox is not in sync with the Podfile.lock. Run 'pod install' or update your CocoaPods installation.\" >&2\n    exit 1\nfi\n";
			showEnvVarsInLog = 0;
		};
		EF63E68F37FB831D892DF7CB /* [CP] Copy Pods Resources */ = {
			isa = PBXShellScriptBuildPhase;
			buildActionMask = 2147483647;
			files = (
			);
			inputPaths = (
			);
			name = "[CP] Copy Pods Resources";
			outputPaths = (
			);
			runOnlyForDeploymentPostprocessing = 0;
			shellPath = /bin/sh;
			shellScript = "\"${SRCROOT}/Pods/Target Support Files/Pods-todo-listUITests/Pods-todo-listUITests-resources.sh\"\n";
			showEnvVarsInLog = 0;
		};
		F451299C0803D000B504CC94 /* [CP] Embed Pods Frameworks */ = {
			isa = PBXShellScriptBuildPhase;
			buildActionMask = 2147483647;
			files = (
			);
			inputPaths = (
			);
			name = "[CP] Embed Pods Frameworks";
			outputPaths = (
			);
			runOnlyForDeploymentPostprocessing = 0;
			shellPath = /bin/sh;
			shellScript = "\"${SRCROOT}/Pods/Target Support Files/Pods-todo-list/Pods-todo-list-frameworks.sh\"\n";
			showEnvVarsInLog = 0;
		};
/* End PBXShellScriptBuildPhase section */

/* Begin PBXSourcesBuildPhase section */
		4DC730DB1E80E79A00D01B7C /* Sources */ = {
			isa = PBXSourcesBuildPhase;
			buildActionMask = 2147483647;
			files = (
				4DC730E31E80E79A00D01B7C /* AppDelegate.swift in Sources */,
				4DC731141E80ED7200D01B7C /* ListTableViewController.swift in Sources */,
				4DC731161E80EDB900D01B7C /* AddViewController.swift in Sources */,
			);
			runOnlyForDeploymentPostprocessing = 0;
		};
		4DC730EF1E80E79B00D01B7C /* Sources */ = {
			isa = PBXSourcesBuildPhase;
			buildActionMask = 2147483647;
			files = (
				4DC730F81E80E79B00D01B7C /* todo_listTests.swift in Sources */,
			);
			runOnlyForDeploymentPostprocessing = 0;
		};
		4DC730FA1E80E79B00D01B7C /* Sources */ = {
			isa = PBXSourcesBuildPhase;
			buildActionMask = 2147483647;
			files = (
				4DC731031E80E79B00D01B7C /* todo_listUITests.swift in Sources */,
			);
			runOnlyForDeploymentPostprocessing = 0;
		};
/* End PBXSourcesBuildPhase section */

/* Begin PBXTargetDependency section */
		4DC730F51E80E79B00D01B7C /* PBXTargetDependency */ = {
			isa = PBXTargetDependency;
			target = 4DC730DE1E80E79A00D01B7C /* todo-list */;
			targetProxy = 4DC730F41E80E79B00D01B7C /* PBXContainerItemProxy */;
		};
		4DC731001E80E79B00D01B7C /* PBXTargetDependency */ = {
			isa = PBXTargetDependency;
			target = 4DC730DE1E80E79A00D01B7C /* todo-list */;
			targetProxy = 4DC730FF1E80E79B00D01B7C /* PBXContainerItemProxy */;
		};
/* End PBXTargetDependency section */

/* Begin PBXVariantGroup section */
		4DC730E61E80E79A00D01B7C /* Main.storyboard */ = {
			isa = PBXVariantGroup;
			children = (
				4DC730E71E80E79A00D01B7C /* Base */,
			);
			name = Main.storyboard;
			sourceTree = "<group>";
		};
		4DC730EB1E80E79A00D01B7C /* LaunchScreen.storyboard */ = {
			isa = PBXVariantGroup;
			children = (
				4DC730EC1E80E79A00D01B7C /* Base */,
			);
			name = LaunchScreen.storyboard;
			sourceTree = "<group>";
		};
/* End PBXVariantGroup section */

/* Begin XCBuildConfiguration section */
		4DC731051E80E79B00D01B7C /* Debug */ = {
			isa = XCBuildConfiguration;
			buildSettings = {
				ALWAYS_SEARCH_USER_PATHS = NO;
				CLANG_ANALYZER_NONNULL = YES;
				CLANG_CXX_LANGUAGE_STANDARD = "gnu++0x";
				CLANG_CXX_LIBRARY = "libc++";
				CLANG_ENABLE_MODULES = YES;
				CLANG_ENABLE_OBJC_ARC = YES;
				CLANG_WARN_BOOL_CONVERSION = YES;
				CLANG_WARN_CONSTANT_CONVERSION = YES;
				CLANG_WARN_DIRECT_OBJC_ISA_USAGE = YES_ERROR;
				CLANG_WARN_DOCUMENTATION_COMMENTS = YES;
				CLANG_WARN_EMPTY_BODY = YES;
				CLANG_WARN_ENUM_CONVERSION = YES;
				CLANG_WARN_INFINITE_RECURSION = YES;
				CLANG_WARN_INT_CONVERSION = YES;
				CLANG_WARN_OBJC_ROOT_CLASS = YES_ERROR;
				CLANG_WARN_SUSPICIOUS_MOVE = YES;
				CLANG_WARN_UNREACHABLE_CODE = YES;
				CLANG_WARN__DUPLICATE_METHOD_MATCH = YES;
				"CODE_SIGN_IDENTITY[sdk=iphoneos*]" = "iPhone Developer";
				COPY_PHASE_STRIP = NO;
				DEBUG_INFORMATION_FORMAT = dwarf;
				ENABLE_STRICT_OBJC_MSGSEND = YES;
				ENABLE_TESTABILITY = YES;
				GCC_C_LANGUAGE_STANDARD = gnu99;
				GCC_DYNAMIC_NO_PIC = NO;
				GCC_NO_COMMON_BLOCKS = YES;
				GCC_OPTIMIZATION_LEVEL = 0;
				GCC_PREPROCESSOR_DEFINITIONS = (
					"DEBUG=1",
					"$(inherited)",
				);
				GCC_WARN_64_TO_32_BIT_CONVERSION = YES;
				GCC_WARN_ABOUT_RETURN_TYPE = YES_ERROR;
				GCC_WARN_UNDECLARED_SELECTOR = YES;
				GCC_WARN_UNINITIALIZED_AUTOS = YES_AGGRESSIVE;
				GCC_WARN_UNUSED_FUNCTION = YES;
				GCC_WARN_UNUSED_VARIABLE = YES;
				IPHONEOS_DEPLOYMENT_TARGET = 10.2;
				MTL_ENABLE_DEBUG_INFO = YES;
				ONLY_ACTIVE_ARCH = YES;
				SDKROOT = iphoneos;
				SWIFT_ACTIVE_COMPILATION_CONDITIONS = DEBUG;
				SWIFT_OPTIMIZATION_LEVEL = "-Onone";
			};
			name = Debug;
		};
		4DC731061E80E79B00D01B7C /* Release */ = {
			isa = XCBuildConfiguration;
			buildSettings = {
				ALWAYS_SEARCH_USER_PATHS = NO;
				CLANG_ANALYZER_NONNULL = YES;
				CLANG_CXX_LANGUAGE_STANDARD = "gnu++0x";
				CLANG_CXX_LIBRARY = "libc++";
				CLANG_ENABLE_MODULES = YES;
				CLANG_ENABLE_OBJC_ARC = YES;
				CLANG_WARN_BOOL_CONVERSION = YES;
				CLANG_WARN_CONSTANT_CONVERSION = YES;
				CLANG_WARN_DIRECT_OBJC_ISA_USAGE = YES_ERROR;
				CLANG_WARN_DOCUMENTATION_COMMENTS = YES;
				CLANG_WARN_EMPTY_BODY = YES;
				CLANG_WARN_ENUM_CONVERSION = YES;
				CLANG_WARN_INFINITE_RECURSION = YES;
				CLANG_WARN_INT_CONVERSION = YES;
				CLANG_WARN_OBJC_ROOT_CLASS = YES_ERROR;
				CLANG_WARN_SUSPICIOUS_MOVE = YES;
				CLANG_WARN_UNREACHABLE_CODE = YES;
				CLANG_WARN__DUPLICATE_METHOD_MATCH = YES;
				"CODE_SIGN_IDENTITY[sdk=iphoneos*]" = "iPhone Developer";
				COPY_PHASE_STRIP = NO;
				DEBUG_INFORMATION_FORMAT = "dwarf-with-dsym";
				ENABLE_NS_ASSERTIONS = NO;
				ENABLE_STRICT_OBJC_MSGSEND = YES;
				GCC_C_LANGUAGE_STANDARD = gnu99;
				GCC_NO_COMMON_BLOCKS = YES;
				GCC_WARN_64_TO_32_BIT_CONVERSION = YES;
				GCC_WARN_ABOUT_RETURN_TYPE = YES_ERROR;
				GCC_WARN_UNDECLARED_SELECTOR = YES;
				GCC_WARN_UNINITIALIZED_AUTOS = YES_AGGRESSIVE;
				GCC_WARN_UNUSED_FUNCTION = YES;
				GCC_WARN_UNUSED_VARIABLE = YES;
				IPHONEOS_DEPLOYMENT_TARGET = 10.2;
				MTL_ENABLE_DEBUG_INFO = NO;
				SDKROOT = iphoneos;
				SWIFT_OPTIMIZATION_LEVEL = "-Owholemodule";
				VALIDATE_PRODUCT = YES;
			};
			name = Release;
		};
		4DC731081E80E79B00D01B7C /* Debug */ = {
			isa = XCBuildConfiguration;
			baseConfigurationReference = CCA33DC096C6DA7249A1A245 /* Pods-todo-list.debug.xcconfig */;
			buildSettings = {
				ASSETCATALOG_COMPILER_APPICON_NAME = AppIcon;
				DEVELOPMENT_TEAM = WVK47D2626;
				INFOPLIST_FILE = "todo-list/Info.plist";
				LD_RUNPATH_SEARCH_PATHS = "$(inherited) @executable_path/Frameworks";
				PRODUCT_BUNDLE_IDENTIFIER = "com.jnj.todo-list";
				PRODUCT_NAME = "$(TARGET_NAME)";
				SWIFT_VERSION = 3.0;
			};
			name = Debug;
		};
		4DC731091E80E79B00D01B7C /* Release */ = {
			isa = XCBuildConfiguration;
			baseConfigurationReference = 66F3FAFD849A6434D31B0912 /* Pods-todo-list.release.xcconfig */;
			buildSettings = {
				ASSETCATALOG_COMPILER_APPICON_NAME = AppIcon;
				DEVELOPMENT_TEAM = WVK47D2626;
				INFOPLIST_FILE = "todo-list/Info.plist";
				LD_RUNPATH_SEARCH_PATHS = "$(inherited) @executable_path/Frameworks";
				PRODUCT_BUNDLE_IDENTIFIER = "com.jnj.todo-list";
				PRODUCT_NAME = "$(TARGET_NAME)";
				SWIFT_VERSION = 3.0;
			};
			name = Release;
		};
		4DC7310B1E80E79B00D01B7C /* Debug */ = {
			isa = XCBuildConfiguration;
			baseConfigurationReference = 4311EFB2A669DAAA2898A458 /* Pods-todo-listTests.debug.xcconfig */;
			buildSettings = {
				ALWAYS_EMBED_SWIFT_STANDARD_LIBRARIES = YES;
				BUNDLE_LOADER = "$(TEST_HOST)";
				DEVELOPMENT_TEAM = WVK47D2626;
				INFOPLIST_FILE = "todo-listTests/Info.plist";
				LD_RUNPATH_SEARCH_PATHS = "$(inherited) @executable_path/Frameworks @loader_path/Frameworks";
				PRODUCT_BUNDLE_IDENTIFIER = "com.jnj.todo-listTests";
				PRODUCT_NAME = "$(TARGET_NAME)";
				SWIFT_VERSION = 3.0;
				TEST_HOST = "$(BUILT_PRODUCTS_DIR)/todo-list.app/todo-list";
			};
			name = Debug;
		};
		4DC7310C1E80E79B00D01B7C /* Release */ = {
			isa = XCBuildConfiguration;
			baseConfigurationReference = 8EA35E550BC7C44371572827 /* Pods-todo-listTests.release.xcconfig */;
			buildSettings = {
				ALWAYS_EMBED_SWIFT_STANDARD_LIBRARIES = YES;
				BUNDLE_LOADER = "$(TEST_HOST)";
				DEVELOPMENT_TEAM = WVK47D2626;
				INFOPLIST_FILE = "todo-listTests/Info.plist";
				LD_RUNPATH_SEARCH_PATHS = "$(inherited) @executable_path/Frameworks @loader_path/Frameworks";
				PRODUCT_BUNDLE_IDENTIFIER = "com.jnj.todo-listTests";
				PRODUCT_NAME = "$(TARGET_NAME)";
				SWIFT_VERSION = 3.0;
				TEST_HOST = "$(BUILT_PRODUCTS_DIR)/todo-list.app/todo-list";
			};
			name = Release;
		};
		4DC7310E1E80E79B00D01B7C /* Debug */ = {
			isa = XCBuildConfiguration;
			baseConfigurationReference = 7DA57E3733AF91DE73F473BF /* Pods-todo-listUITests.debug.xcconfig */;
			buildSettings = {
				ALWAYS_EMBED_SWIFT_STANDARD_LIBRARIES = YES;
				DEVELOPMENT_TEAM = WVK47D2626;
				INFOPLIST_FILE = "todo-listUITests/Info.plist";
				LD_RUNPATH_SEARCH_PATHS = "$(inherited) @executable_path/Frameworks @loader_path/Frameworks";
				PRODUCT_BUNDLE_IDENTIFIER = "com.jnj.todo-listUITests";
				PRODUCT_NAME = "$(TARGET_NAME)";
				SWIFT_VERSION = 3.0;
				TEST_TARGET_NAME = "todo-list";
			};
			name = Debug;
		};
		4DC7310F1E80E79B00D01B7C /* Release */ = {
			isa = XCBuildConfiguration;
			baseConfigurationReference = B33C94E23366176E559D03EA /* Pods-todo-listUITests.release.xcconfig */;
			buildSettings = {
				ALWAYS_EMBED_SWIFT_STANDARD_LIBRARIES = YES;
				DEVELOPMENT_TEAM = WVK47D2626;
				INFOPLIST_FILE = "todo-listUITests/Info.plist";
				LD_RUNPATH_SEARCH_PATHS = "$(inherited) @executable_path/Frameworks @loader_path/Frameworks";
				PRODUCT_BUNDLE_IDENTIFIER = "com.jnj.todo-listUITests";
				PRODUCT_NAME = "$(TARGET_NAME)";
				SWIFT_VERSION = 3.0;
				TEST_TARGET_NAME = "todo-list";
			};
			name = Release;
		};
/* End XCBuildConfiguration section */

/* Begin XCConfigurationList section */
		4DC730DA1E80E79A00D01B7C /* Build configuration list for PBXProject "todo-list" */ = {
			isa = XCConfigurationList;
			buildConfigurations = (
				4DC731051E80E79B00D01B7C /* Debug */,
				4DC731061E80E79B00D01B7C /* Release */,
			);
			defaultConfigurationIsVisible = 0;
			defaultConfigurationName = Release;
		};
		4DC731071E80E79B00D01B7C /* Build configuration list for PBXNativeTarget "todo-list" */ = {
			isa = XCConfigurationList;
			buildConfigurations = (
				4DC731081E80E79B00D01B7C /* Debug */,
				4DC731091E80E79B00D01B7C /* Release */,
			);
			defaultConfigurationIsVisible = 0;
			defaultConfigurationName = Release;
		};
		4DC7310A1E80E79B00D01B7C /* Build configuration list for PBXNativeTarget "todo-listTests" */ = {
			isa = XCConfigurationList;
			buildConfigurations = (
				4DC7310B1E80E79B00D01B7C /* Debug */,
				4DC7310C1E80E79B00D01B7C /* Release */,
			);
			defaultConfigurationIsVisible = 0;
			defaultConfigurationName = Release;
		};
		4DC7310D1E80E79B00D01B7C /* Build configuration list for PBXNativeTarget "todo-listUITests" */ = {
			isa = XCConfigurationList;
			buildConfigurations = (
				4DC7310E1E80E79B00D01B7C /* Debug */,
				4DC7310F1E80E79B00D01B7C /* Release */,
			);
			defaultConfigurationIsVisible = 0;
			defaultConfigurationName = Release;
		};
/* End XCConfigurationList section */
	};
	rootObject = 4DC730D71E80E79A00D01B7C /* Project object */;
}
